
Microsoft Visual Studio Solution File, Format Version 12.00
# Visual Studio Version 17
VisualStudioVersion = 17.1.32319.34
MinimumVisualStudioVersion = 10.0.40219.1
Project("{FAE04EC0-301F-11D3-BF4B-00C04F79EFBC}") = "Dernek.Core", "Dernek.Core\Dernek.Core.csproj", "{0DCF93DA-5CA3-4399-ABF2-C50851B97E8A}"
EndProject
Project("{FAE04EC0-301F-11D3-BF4B-00C04F79EFBC}") = "Dernek.Repository", "Dernek.Repository\Dernek.Repository.csproj", "{247DC771-29A5-4130-B414-C1688C9D424A}"
EndProject
Project("{FAE04EC0-301F-11D3-BF4B-00C04F79EFBC}") = "Dernek.Service", "Dernek.Service\Dernek.Service.csproj", "{FEB32536-682F-44C4-88C3-940A1891AD27}"
EndProject
Project("{FAE04EC0-301F-11D3-BF4B-00C04F79EFBC}") = "Dernek.Web", "Dernek.Web\Dernek.Web.csproj", "{CEF0E38D-3C2D-4C23-8B96-5B9B672D26D2}"
EndProject
Global
	GlobalSection(SolutionConfigurationPlatforms) = preSolution
		Debug|Any CPU = Debug|Any CPU
		Release|Any CPU = Release|Any CPU
	EndGlobalSection
	GlobalSection(ProjectConfigurationPlatforms) = postSolution
		{0DCF93DA-5CA3-4399-ABF2-C50851B97E8A}.Debug|Any CPU.ActiveCfg = Debug|Any CPU
		{0DCF93DA-5CA3-4399-ABF2-C50851B97E8A}.Debug|Any CPU.Build.0 = Debug|Any CPU
		{0DCF93DA-5CA3-4399-ABF2-C50851B97E8A}.Release|Any CPU.ActiveCfg = Release|Any CPU
		{0DCF93DA-5CA3-4399-ABF2-C50851B97E8A}.Release|Any CPU.Build.0 = Release|Any CPU
		{247DC771-29A5-4130-B414-C1688C9D424A}.Debug|Any CPU.ActiveCfg = Debug|Any CPU
		{247DC771-29A5-4130-B414-C1688C9D424A}.Debug|Any CPU.Build.0 = Debug|Any CPU
		{247DC771-29A5-4130-B414-C1688C9D424A}.Release|Any CPU.ActiveCfg = Release|Any CPU
		{247DC771-29A5-4130-B414-C1688C9D424A}.Release|Any CPU.Build.0 = Release|Any CPU
		{FEB32536-682F-44C4-88C3-940A1891AD27}.Debug|Any CPU.ActiveCfg = Debug|Any CPU
		{FEB32536-682F-44C4-88C3-940A1891AD27}.Debug|Any CPU.Build.0 = Debug|Any CPU
		{FEB32536-682F-44C4-88C3-940A1891AD27}.Release|Any CPU.ActiveCfg = Release|Any CPU
		{FEB32536-682F-44C4-88C3-940A1891AD27}.Release|Any CPU.Build.0 = Release|Any CPU
		{CEF0E38D-3C2D-4C23-8B96-5B9B672D26D2}.Debug|Any CPU.ActiveCfg = Debug|Any CPU
		{CEF0E38D-3C2D-4C23-8B96-5B9B672D26D2}.Debug|Any CPU.Build.0 = Debug|Any CPU
		{CEF0E38D-3C2D-4C23-8B96-5B9B672D26D2}.Release|Any CPU.ActiveCfg = Release|Any CPU
		{CEF0E38D-3C2D-4C23-8B96-5B9B672D26D2}.Release|Any CPU.Build.0 = Release|Any CPU
	EndGlobalSection
	GlobalSection(SolutionProperties) = preSolution
		HideSolutionNode = FALSE
	EndGlobalSection
	GlobalSection(ExtensibilityGlobals) = postSolution
		SolutionGuid = {E3552E51-8114-4765-BBE7-C1F8E47E4660}
	EndGlobalSection
EndGlobal
